
Microsoft Visual Studio Solution File, Format Version 12.00
# Visual Studio Version 16
VisualStudioVersion = 16.0.31112.23
MinimumVisualStudioVersion = 10.0.40219.1
Project("{FAE04EC0-301F-11D3-BF4B-00C04F79EFBC}") = "OOPConstructor", "OOPConstructor\OOPConstructor.csproj", "{C867E0D9-C7E3-4804-B887-19FF3B9C1CD1}"
EndProject
Global
	GlobalSection(SolutionConfigurationPlatforms) = preSolution
		Debug|Any CPU = Debug|Any CPU
		Release|Any CPU = Release|Any CPU
	EndGlobalSection
	GlobalSection(ProjectConfigurationPlatforms) = postSolution
		{C867E0D9-C7E3-4804-B887-19FF3B9C1CD1}.Debug|Any CPU.ActiveCfg = Debug|Any CPU
		{C867E0D9-C7E3-4804-B887-19FF3B9C1CD1}.Debug|Any CPU.Build.0 = Debug|Any CPU
		{C867E0D9-C7E3-4804-B887-19FF3B9C1CD1}.Release|Any CPU.ActiveCfg = Release|Any CPU
		{C867E0D9-C7E3-4804-B887-19FF3B9C1CD1}.Release|Any CPU.Build.0 = Release|Any CPU
	EndGlobalSection
	GlobalSection(SolutionProperties) = preSolution
		HideSolutionNode = FALSE
	EndGlobalSection
	GlobalSection(ExtensibilityGlobals) = postSolution
		SolutionGuid = {73359124-3EC7-48EC-90C8-7F7EC44BDED3}
	EndGlobalSection
EndGlobal
